<?xml version="1.0" encoding="utf-8"?>
<Project ToolsVersion="4.0" xmlns="http://schemas.microsoft.com/developer/msbuild/2003">
  <ItemGroup>
    <Filter Include="Source Files">
      <UniqueIdentifier>{4FC737F1-C7A5-4376-A066-2A32D752A2FF}</UniqueIdentifier>
      <Extensions>cpp;c;cc;cxx;def;odl;idl;hpj;bat;asm;asmx</Extensions>
    </Filter>
    <Filter Include="Header Files">
      <UniqueIdentifier>{93995380-89BD-4b04-88EB-625FBE52EBFB}</UniqueIdentifier>
      <Extensions>h;hh;hpp;hxx;hm;inl;inc;ipp;xsd</Extensions>
    </Filter>
    <Filter Include="Resource Files">
      <UniqueIdentifier>{67DA6AB6-F800-4c08-8B7A-83BB121AAD01}</UniqueIdentifier>
      <Extensions>rc;ico;cur;bmp;dlg;rc2;rct;bin;rgs;gif;jpg;jpeg;jpe;resx;tiff;tif;png;wav;mfcribbon-ms</Extensions>
    </Filter>
  </ItemGroup>
  <ItemGroup>
    <ClInclude Include="include\CloudMath\stdafx.h">
      <Filter>Header Files</Filter>
    </ClInclude>
    <ClInclude Include="include\CloudMath.h">
      <Filter>Header Files</Filter>
    </ClInclude>
    <ClInclude Include="include\CloudMath\CloudMathAPI.h">
      <Filter>Header Files</Filter>
    </ClInclude>
    <ClInclude Include="include\CloudMath\Vector\Vector2.h">
      <Filter>Header Files</Filter>
    </ClInclude>
    <ClInclude Include="include\CloudMath\Vector\Vector3.h">
      <Filter>Header Files</Filter>
    </ClInclude>
    <ClInclude Include="include\CloudMath\Vector\Vector4.h">
      <Filter>Header Files</Filter>
    </ClInclude>
    <ClInclude Include="include\CloudMath\Matrix\Matrix2.h">
      <Filter>Header Files</Filter>
    </ClInclude>
    <ClInclude Include="include\CloudMath\Matrix\Matrix3.h">
      <Filter>Header Files</Filter>
    </ClInclude>
    <ClInclude Include="include\CloudMath\Matrix\Matrix4.h">
      <Filter>Header Files</Filter>
    </ClInclude>
    <ClInclude Include="include\CloudMath\Quaternion\Quaternion.h">
      <Filter>Header Files</Filter>
    </ClInclude>
    <ClInclude Include="include\CloudMath\Tools\Generics.h">
      <Filter>Header Files</Filter>
    </ClInclude>
    <ClInclude Include="include\CloudMath\Tools\Random.h">
      <Filter>Header Files</Filter>
    </ClInclude>
    <ClInclude Include="include\CloudMath\Tools\MathUtils.h">
      <Filter>Header Files</Filter>
    </ClInclude>
  </ItemGroup>
  <ItemGroup>
    <ClCompile Include="src\stdafx.cpp">
      <Filter>Source Files</Filter>
    </ClCompile>
    <ClCompile Include="src\Tools\Generics.cpp">
      <Filter>Source Files</Filter>
    </ClCompile>
    <ClCompile Include="src\Tools\Random.cpp">
      <Filter>Source Files</Filter>
    </ClCompile>
    <ClCompile Include="src\Quaternion\Quaternion.cpp">
      <Filter>Source Files</Filter>
    </ClCompile>
    <ClCompile Include="src\Tools\MathUtils.cpp">
      <Filter>Source Files</Filter>
    </ClCompile>
  </ItemGroup>
  <ItemGroup>
    <None Include="include\CloudMath\Vector\Vector2.inl">
      <Filter>Header Files</Filter>
    </None>
    <None Include="include\CloudMath\Vector\Vector4.inl">
      <Filter>Header Files</Filter>
    </None>
    <None Include="include\CloudMath\Vector\Vector3.inl">
      <Filter>Header Files</Filter>
    </None>
    <None Include="include\CloudMath\Matrix\Matrix2.inl">
      <Filter>Header Files</Filter>
    </None>
    <None Include="include\CloudMath\Matrix\Matrix3.inl">
      <Filter>Header Files</Filter>
    </None>
    <None Include="include\CloudMath\Matrix\Matrix4.inl">
      <Filter>Header Files</Filter>
    </None>
    <None Include="include\CloudMath\Tools\MathUtils.inl">
      <Filter>Header Files</Filter>
    </None>
  </ItemGroup>
</Project>