<?xml version="1.0" encoding="utf-8"?>
<Project ToolsVersion="4.0" xmlns="http://schemas.microsoft.com/developer/msbuild/2003">
  <ItemGroup>
    <Filter Include="Source Files">
      <UniqueIdentifier>{4FC737F1-C7A5-4376-A066-2A32D752A2FF}</UniqueIdentifier>
      <Extensions>cpp;c;cc;cxx;def;odl;idl;hpj;bat;asm;asmx</Extensions>
    </Filter>
    <Filter Include="Header Files">
      <UniqueIdentifier>{93995380-89BD-4b04-88EB-625FBE52EBFB}</UniqueIdentifier>
      <Extensions>h;hh;hpp;hxx;hm;inl;inc;xsd</Extensions>
    </Filter>
    <Filter Include="Resource Files">
      <UniqueIdentifier>{D9D6E242-F8AF-46E4-B9FD-80ECBC20BA3E}</UniqueIdentifier>
      <Extensions>qrc;*</Extensions>
      <ParseFiles>false</ParseFiles>
    </Filter>
    <Filter Include="Form Files">
      <UniqueIdentifier>{99349809-55BA-4b9d-BF79-8FDBB0286EB3}</UniqueIdentifier>
      <Extensions>ui</Extensions>
    </Filter>
    <Filter Include="Resource Files">
      <UniqueIdentifier>{D9D6E242-F8AF-46E4-B9FD-80ECBC20BA3E}</UniqueIdentifier>
      <Extensions>qrc;*</Extensions>
      <ParseFiles>false</ParseFiles>
    </Filter>
    <Filter Include="Generated Files">
      <UniqueIdentifier>{71ED8ED8-ACB9-4CE9-BBE1-E00B30144E11}</UniqueIdentifier>
      <Extensions>moc;h;cpp</Extensions>
      <SourceControlFiles>False</SourceControlFiles>
    </Filter>
  </ItemGroup>
  <ItemGroup>
    <ClCompile Include="src\Editor.cpp">
      <Filter>Source Files</Filter>
    </ClCompile>
    <ClCompile Include="src\main.cpp">
      <Filter>Source Files</Filter>
    </ClCompile>
    <ClCompile Include="src\stdafx.cpp">
      <Filter>Source Files</Filter>
    </ClCompile>
    <ClCompile Include="src\Tools\ImageListModel.cpp">
      <Filter>Source Files</Filter>
    </ClCompile>
    <ClCompile Include="src\Tools\WidgetContainer.cpp">
      <Filter>Source Files</Filter>
    </ClCompile>
    <ClCompile Include="src\DockWidget\AssetsBrowser.cpp">
      <Filter>Source Files</Filter>
    </ClCompile>
    <ClCompile Include="src\DockWidget\Console.cpp">
      <Filter>Source Files</Filter>
    </ClCompile>
    <ClCompile Include="src\DockWidget\Hierarchy.cpp">
      <Filter>Source Files</Filter>
    </ClCompile>
    <ClCompile Include="src\Scene\SceneWindow.cpp">
      <Filter>Source Files</Filter>
    </ClCompile>
    <ClCompile Include="src\MenuBar\MainMenuBar.cpp">
      <Filter>Source Files</Filter>
    </ClCompile>
    <ClCompile Include="src\Tools\HierarchyModel.cpp">
      <Filter>Source Files</Filter>
    </ClCompile>
    <ClCompile Include="src\Tools\NotificationsBox.cpp">
      <Filter>Source Files</Filter>
    </ClCompile>
    <ClCompile Include="src\DockWidget\Inspector\Inspector.cpp">
      <Filter>Source Files</Filter>
    </ClCompile>
    <ClCompile Include="src\DockWidget\Inspector\Category.cpp">
      <Filter>Source Files</Filter>
    </ClCompile>
    <ClCompile Include="src\DockWidget\Inspector\ComponentGUIFactory.cpp">
      <Filter>Source Files</Filter>
    </ClCompile>
    <ClCompile Include="src\DockWidget\Inspector\ComponentGUI\AComponentGUI.cpp">
      <Filter>Source Files</Filter>
    </ClCompile>
    <ClCompile Include="src\DockWidget\Inspector\ComponentGUI\TransformComponentGUI.cpp">
      <Filter>Source Files</Filter>
    </ClCompile>
    <ClCompile Include="src\DockWidget\Inspector\ComponentGUI\MeshRendererGUI.cpp">
      <Filter>Source Files</Filter>
    </ClCompile>
    <ClCompile Include="src\DockWidget\Inspector\ComponentGUI\LightComponentGUI.cpp">
      <Filter>Source Files</Filter>
    </ClCompile>
    <ClCompile Include="src\DockWidget\Inspector\ComponentGUI\MaterialComponentGUI.cpp">
      <Filter>Source Files</Filter>
    </ClCompile>
    <ClCompile Include="src\DockWidget\Inspector\ComponentGUI\CameraComponentGUI.cpp">
      <Filter>Source Files</Filter>
    </ClCompile>
    <ClCompile Include="src\DockWidget\Inspector\ComponentGUI\Widgets\Vec3Widget.cpp">
      <Filter>Source Files</Filter>
    </ClCompile>
    <ClCompile Include="src\DockWidget\Inspector\ComponentGUI\Widgets\SmartLabel.cpp">
      <Filter>Source Files</Filter>
    </ClCompile>
    <ClCompile Include="src\DockWidget\Inspector\ComponentGUI\Widgets\SmartLabelEdit.cpp">
      <Filter>Source Files</Filter>
    </ClCompile>
    <ClCompile Include="src\Tools\KeyMapper.cpp">
      <Filter>Source Files</Filter>
    </ClCompile>
    <ClCompile Include="src\DockWidget\Inspector\ComponentGUI\Widgets\ComboBox.cpp">
      <Filter>Source Files</Filter>
    </ClCompile>
    <ClCompile Include="src\Tools\ClickableLabel.cpp">
      <Filter>Source Files</Filter>
    </ClCompile>
    <ClCompile Include="src\Tools\EditableLabel.cpp">
      <Filter>Source Files</Filter>
    </ClCompile>
    <ClCompile Include="src\MenuBar\ComponentsMenu.cpp">
      <Filter>Source Files</Filter>
    </ClCompile>
    <ClCompile Include="src\MenuBar\GameObjectMenu.cpp">
      <Filter>Source Files</Filter>
    </ClCompile>
  </ItemGroup>
  <ItemGroup>
    <QtMoc Include="Editor.h">
      <Filter>Header Files</Filter>
    </QtMoc>
    <QtMoc Include="WidgetContainer.h">
      <Filter>Header Files</Filter>
    </QtMoc>
    <QtMoc Include="MainMenuBar.h">
      <Filter>Header Files</Filter>
    </QtMoc>
    <QtMoc Include="AssetsBrowser.h">
      <Filter>Header Files</Filter>
    </QtMoc>
    <QtMoc Include="ImageListModel.h">
      <Filter>Header Files</Filter>
    </QtMoc>
    <QtMoc Include="Hierarchy.h">
      <Filter>Header Files</Filter>
    </QtMoc>
    <QtMoc Include="Inspector.h">
      <Filter>Header Files</Filter>
    </QtMoc>
    <QtMoc Include="HierarchyModel.h">
      <Filter>Header Files</Filter>
    </QtMoc>
    <QtMoc Include="NotificationsBox.h">
      <Filter>Header Files</Filter>
    </QtMoc>
    <QtMoc Include="AComponentGUI.h">
      <Filter>Header Files</Filter>
    </QtMoc>
    <QtMoc Include="Category.h">
      <Filter>Header Files</Filter>
    </QtMoc>
    <QtMoc Include="Vec3Widget.h">
      <Filter>Header Files</Filter>
    </QtMoc>
    <QtMoc Include="SmartLabel.h">
      <Filter>Header Files</Filter>
    </QtMoc>
    <QtMoc Include="SmartLabelEdit.h">
      <Filter>Header Files</Filter>
    </QtMoc>
    <QtMoc Include="TransformComponentGUI.h">
      <Filter>Header Files</Filter>
    </QtMoc>
    <QtMoc Include="MeshRendererGUI.h">
      <Filter>Header Files</Filter>
    </QtMoc>
    <QtMoc Include="ComboxBox.h">
      <Filter>Header Files</Filter>
    </QtMoc>
    <QtMoc Include="ClickableLabel.h">
      <Filter>Header Files</Filter>
    </QtMoc>
    <QtMoc Include="EditableLabel.h">
      <Filter>Header Files</Filter>
    </QtMoc>
    <QtMoc Include="ComponentsMenu.h">
      <Filter>Header Files</Filter>
    </QtMoc>
    <QtMoc Include="GameObjectMenu.h">
      <Filter>Header Files</Filter>
    </QtMoc>
  </ItemGroup>
  <ItemGroup>
    <QtRcc Include="Editor.qrc">
      <Filter>Resource Files</Filter>
    </QtRcc>
  </ItemGroup>
  <ItemGroup>
    <ClInclude Include="stdafx.h">
      <Filter>Header Files</Filter>
    </ClInclude>
    <ClInclude Include="GeneratedFiles\ui_Editor.h">
      <Filter>Header Files</Filter>
    </ClInclude>
    <ClInclude Include="SceneWindow.h">
      <Filter>Header Files</Filter>
    </ClInclude>
    <ClInclude Include="Console.h">
      <Filter>Header Files</Filter>
    </ClInclude>
    <ClInclude Include="ComponentGUIFactory.h">
      <Filter>Header Files</Filter>
    </ClInclude>
    <ClInclude Include="LightComponentGUI.h">
      <Filter>Header Files</Filter>
    </ClInclude>
    <ClInclude Include="MaterialComponentGUI.h">
      <Filter>Header Files</Filter>
    </ClInclude>
    <ClInclude Include="CameraComponentGUI.h">
      <Filter>Header Files</Filter>
    </ClInclude>
    <ClInclude Include="KeyMapper.h">
      <Filter>Header Files</Filter>
    </ClInclude>
  </ItemGroup>
  <ItemGroup>
    <QtUic Include="src\Editor.ui">
      <Filter>Form Files</Filter>
    </QtUic>
  </ItemGroup>
</Project>